// !$*UTF8*$!
{
	archiveVersion = 1;
	classes = {
	};
	objectVersion = 56;
	objects = {

/* Begin PBXBuildFile section */
		3C9EA5DD2B458545001C1186 /* SoundsbinderTests.swift in Sources */ = {isa = PBXBuildFile; fileRef = 3C9EA5DC2B458545001C1186 /* SoundsbinderTests.swift */; };
		3C9EA63F2B45892F001C1186 /* LaunchScreen.storyboard in Resources */ = {isa = PBXBuildFile; fileRef = 3C9EA63E2B45892F001C1186 /* LaunchScreen.storyboard */; };
		3C9EA6432B458ACE001C1186 /* Context.swift in Sources */ = {isa = PBXBuildFile; fileRef = 3C9EA6422B458ACE001C1186 /* Context.swift */; };
		3CD21F5B2B458F7E00D73CA6 /* ArtistSearchViewModel.swift in Sources */ = {isa = PBXBuildFile; fileRef = 3CD21F572B458F7D00D73CA6 /* ArtistSearchViewModel.swift */; };
		3CD21F5C2B458F7E00D73CA6 /* ArtistSearchViewController.swift in Sources */ = {isa = PBXBuildFile; fileRef = 3CD21F582B458F7D00D73CA6 /* ArtistSearchViewController.swift */; };
		3CD21F5D2B458F7E00D73CA6 /* ArtistSearchRepository.swift in Sources */ = {isa = PBXBuildFile; fileRef = 3CD21F592B458F7E00D73CA6 /* ArtistSearchRepository.swift */; };
		3CD21F5E2B458F7E00D73CA6 /* ArtistSearchDataSource.swift in Sources */ = {isa = PBXBuildFile; fileRef = 3CD21F5A2B458F7E00D73CA6 /* ArtistSearchDataSource.swift */; };
		3CD21F642B458FC300D73CA6 /* RequestCancellationToken.swift in Sources */ = {isa = PBXBuildFile; fileRef = 3CD21F5F2B458FC200D73CA6 /* RequestCancellationToken.swift */; };
		3CD21F652B458FC300D73CA6 /* JSONParser.swift in Sources */ = {isa = PBXBuildFile; fileRef = 3CD21F602B458FC300D73CA6 /* JSONParser.swift */; };
		3CD21F662B458FC300D73CA6 /* HTTPClient.swift in Sources */ = {isa = PBXBuildFile; fileRef = 3CD21F612B458FC300D73CA6 /* HTTPClient.swift */; };
		3CD21F672B458FC300D73CA6 /* RequestBuilder.swift in Sources */ = {isa = PBXBuildFile; fileRef = 3CD21F622B458FC300D73CA6 /* RequestBuilder.swift */; };
		3CD21F682B458FC300D73CA6 /* Endpoint.swift in Sources */ = {isa = PBXBuildFile; fileRef = 3CD21F632B458FC300D73CA6 /* Endpoint.swift */; };
		3CD21F6B2B458FFE00D73CA6 /* ArtistEndpoint.swift in Sources */ = {isa = PBXBuildFile; fileRef = 3CD21F692B458FFE00D73CA6 /* ArtistEndpoint.swift */; };
		3CD21F6C2B458FFE00D73CA6 /* ArtistResponse.swift in Sources */ = {isa = PBXBuildFile; fileRef = 3CD21F6A2B458FFE00D73CA6 /* ArtistResponse.swift */; };
		3CD21F6E2B45902500D73CA6 /* DetailsResponse.swift in Sources */ = {isa = PBXBuildFile; fileRef = 3CD21F6D2B45902500D73CA6 /* DetailsResponse.swift */; };
		3CD21F722B4590ED00D73CA6 /* ImageRepository.swift in Sources */ = {isa = PBXBuildFile; fileRef = 3CD21F702B4590EC00D73CA6 /* ImageRepository.swift */; };
		3CD21F732B4590ED00D73CA6 /* ImageProvider.swift in Sources */ = {isa = PBXBuildFile; fileRef = 3CD21F712B4590ED00D73CA6 /* ImageProvider.swift */; };
		3CD21F752B45914400D73CA6 /* TrackTableViewCell.swift in Sources */ = {isa = PBXBuildFile; fileRef = 3CD21F742B45914400D73CA6 /* TrackTableViewCell.swift */; };
		3CD21F772B4591A400D73CA6 /* VisibleTrack.swift in Sources */ = {isa = PBXBuildFile; fileRef = 3CD21F762B4591A400D73CA6 /* VisibleTrack.swift */; };
		3CD21F792B45B19000D73CA6 /* VisibleArtist.swift in Sources */ = {isa = PBXBuildFile; fileRef = 3CD21F782B45B19000D73CA6 /* VisibleArtist.swift */; };
		3CD21F7B2B45B1C200D73CA6 /* ArtistCollectionViewCell.swift in Sources */ = {isa = PBXBuildFile; fileRef = 3CD21F7A2B45B1C200D73CA6 /* ArtistCollectionViewCell.swift */; };
		3CD21F7D2B45B21900D73CA6 /* Artist.storyboard in Resources */ = {isa = PBXBuildFile; fileRef = 3CD21F7C2B45B21900D73CA6 /* Artist.storyboard */; };
		3CD21F832B45B27600D73CA6 /* ArtistCoordinator.swift in Sources */ = {isa = PBXBuildFile; fileRef = 3CD21F802B45B27600D73CA6 /* ArtistCoordinator.swift */; };
		3CD21F852B45B29700D73CA6 /* AppDelegate.swift in Sources */ = {isa = PBXBuildFile; fileRef = 3CD21F842B45B29700D73CA6 /* AppDelegate.swift */; };
		3CD21F872B45B2F200D73CA6 /* AppCoordinator.swift in Sources */ = {isa = PBXBuildFile; fileRef = 3CD21F862B45B2F200D73CA6 /* AppCoordinator.swift */; };
		3CD21F892B45B3BE00D73CA6 /* Screens.swift in Sources */ = {isa = PBXBuildFile; fileRef = 3CD21F882B45B3BD00D73CA6 /* Screens.swift */; };
		3CD21F8B2B45B3D300D73CA6 /* Helper.swift in Sources */ = {isa = PBXBuildFile; fileRef = 3CD21F8A2B45B3D300D73CA6 /* Helper.swift */; };
		F64802FB88341A5555D759ED /* DetailsDataSource.swift in Sources */ = {isa = PBXBuildFile; fileRef = F6480F85C696ED3A604A87BA /* DetailsDataSource.swift */; };
		F6480761B33458EEFCC64E23 /* DetailsRepository.swift in Sources */ = {isa = PBXBuildFile; fileRef = F6480BD6703B0BE3E885E770 /* DetailsRepository.swift */; };
		F64807D14E19699A6ADDF21B /* DetailsViewModel.swift in Sources */ = {isa = PBXBuildFile; fileRef = F64800900D35544B058DABD5 /* DetailsViewModel.swift */; };
		F6480B1BC44E1CAE8F06E585 /* DetailsViewController.swift in Sources */ = {isa = PBXBuildFile; fileRef = F6480044AE44D9E5D19619FE /* DetailsViewController.swift */; };
/* End PBXBuildFile section */

/* Begin PBXContainerItemProxy section */
		3C9EA5D92B458545001C1186 /* PBXContainerItemProxy */ = {
			isa = PBXContainerItemProxy;
			containerPortal = 3C9EA5BA2B458543001C1186 /* Project object */;
			proxyType = 1;
			remoteGlobalIDString = 3C9EA5C12B458543001C1186;
			remoteInfo = Soundsbinder;
		};
		3C9EA5E32B458545001C1186 /* PBXContainerItemProxy */ = {
			isa = PBXContainerItemProxy;
			containerPortal = 3C9EA5BA2B458543001C1186 /* Project object */;
			proxyType = 1;
			remoteGlobalIDString = 3C9EA5C12B458543001C1186;
			remoteInfo = Soundsbinder;
		};
/* End PBXContainerItemProxy section */

/* Begin PBXFileReference section */
		3C9EA5C22B458543001C1186 /* Soundsbinder.app */ = {isa = PBXFileReference; explicitFileType = wrapper.application; includeInIndex = 0; path = Soundsbinder.app; sourceTree = BUILT_PRODUCTS_DIR; };
		3C9EA5D32B458544001C1186 /* Info.plist */ = {isa = PBXFileReference; lastKnownFileType = text.plist.xml; path = Info.plist; sourceTree = "<group>"; };
		3C9EA5D82B458545001C1186 /* SoundsbinderTests.xctest */ = {isa = PBXFileReference; explicitFileType = wrapper.cfbundle; includeInIndex = 0; path = SoundsbinderTests.xctest; sourceTree = BUILT_PRODUCTS_DIR; };
		3C9EA5DC2B458545001C1186 /* SoundsbinderTests.swift */ = {isa = PBXFileReference; lastKnownFileType = sourcecode.swift; path = SoundsbinderTests.swift; sourceTree = "<group>"; };
		3C9EA5E22B458545001C1186 /* SoundsbinderUITests.xctest */ = {isa = PBXFileReference; explicitFileType = wrapper.cfbundle; includeInIndex = 0; path = SoundsbinderUITests.xctest; sourceTree = BUILT_PRODUCTS_DIR; };
		3C9EA63E2B45892F001C1186 /* LaunchScreen.storyboard */ = {isa = PBXFileReference; fileEncoding = 4; lastKnownFileType = file.storyboard; path = LaunchScreen.storyboard; sourceTree = "<group>"; };
		3C9EA6422B458ACE001C1186 /* Context.swift */ = {isa = PBXFileReference; fileEncoding = 4; lastKnownFileType = sourcecode.swift; path = Context.swift; sourceTree = "<group>"; };
		3CD21F572B458F7D00D73CA6 /* ArtistSearchViewModel.swift */ = {isa = PBXFileReference; fileEncoding = 4; lastKnownFileType = sourcecode.swift; path = ArtistSearchViewModel.swift; sourceTree = "<group>"; };
		3CD21F582B458F7D00D73CA6 /* ArtistSearchViewController.swift */ = {isa = PBXFileReference; fileEncoding = 4; lastKnownFileType = sourcecode.swift; path = ArtistSearchViewController.swift; sourceTree = "<group>"; };
		3CD21F592B458F7E00D73CA6 /* ArtistSearchRepository.swift */ = {isa = PBXFileReference; fileEncoding = 4; lastKnownFileType = sourcecode.swift; path = ArtistSearchRepository.swift; sourceTree = "<group>"; };
		3CD21F5A2B458F7E00D73CA6 /* ArtistSearchDataSource.swift */ = {isa = PBXFileReference; fileEncoding = 4; lastKnownFileType = sourcecode.swift; path = ArtistSearchDataSource.swift; sourceTree = "<group>"; };
		3CD21F5F2B458FC200D73CA6 /* RequestCancellationToken.swift */ = {isa = PBXFileReference; fileEncoding = 4; lastKnownFileType = sourcecode.swift; path = RequestCancellationToken.swift; sourceTree = "<group>"; };
		3CD21F602B458FC300D73CA6 /* JSONParser.swift */ = {isa = PBXFileReference; fileEncoding = 4; lastKnownFileType = sourcecode.swift; path = JSONParser.swift; sourceTree = "<group>"; };
		3CD21F612B458FC300D73CA6 /* HTTPClient.swift */ = {isa = PBXFileReference; fileEncoding = 4; lastKnownFileType = sourcecode.swift; path = HTTPClient.swift; sourceTree = "<group>"; };
		3CD21F622B458FC300D73CA6 /* RequestBuilder.swift */ = {isa = PBXFileReference; fileEncoding = 4; lastKnownFileType = sourcecode.swift; path = RequestBuilder.swift; sourceTree = "<group>"; };
		3CD21F632B458FC300D73CA6 /* Endpoint.swift */ = {isa = PBXFileReference; fileEncoding = 4; lastKnownFileType = sourcecode.swift; path = Endpoint.swift; sourceTree = "<group>"; };
		3CD21F692B458FFE00D73CA6 /* ArtistEndpoint.swift */ = {isa = PBXFileReference; fileEncoding = 4; lastKnownFileType = sourcecode.swift; path = ArtistEndpoint.swift; sourceTree = "<group>"; };
		3CD21F6A2B458FFE00D73CA6 /* ArtistResponse.swift */ = {isa = PBXFileReference; fileEncoding = 4; lastKnownFileType = sourcecode.swift; path = ArtistResponse.swift; sourceTree = "<group>"; };
		3CD21F6D2B45902500D73CA6 /* DetailsResponse.swift */ = {isa = PBXFileReference; fileEncoding = 4; lastKnownFileType = sourcecode.swift; path = DetailsResponse.swift; sourceTree = "<group>"; };
		3CD21F702B4590EC00D73CA6 /* ImageRepository.swift */ = {isa = PBXFileReference; fileEncoding = 4; lastKnownFileType = sourcecode.swift; path = ImageRepository.swift; sourceTree = "<group>"; };
		3CD21F712B4590ED00D73CA6 /* ImageProvider.swift */ = {isa = PBXFileReference; fileEncoding = 4; lastKnownFileType = sourcecode.swift; path = ImageProvider.swift; sourceTree = "<group>"; };
		3CD21F742B45914400D73CA6 /* TrackTableViewCell.swift */ = {isa = PBXFileReference; fileEncoding = 4; lastKnownFileType = sourcecode.swift; path = TrackTableViewCell.swift; sourceTree = "<group>"; };
		3CD21F762B4591A400D73CA6 /* VisibleTrack.swift */ = {isa = PBXFileReference; fileEncoding = 4; lastKnownFileType = sourcecode.swift; path = VisibleTrack.swift; sourceTree = "<group>"; };
		3CD21F782B45B19000D73CA6 /* VisibleArtist.swift */ = {isa = PBXFileReference; fileEncoding = 4; lastKnownFileType = sourcecode.swift; path = VisibleArtist.swift; sourceTree = "<group>"; };
		3CD21F7A2B45B1C200D73CA6 /* ArtistCollectionViewCell.swift */ = {isa = PBXFileReference; fileEncoding = 4; lastKnownFileType = sourcecode.swift; path = ArtistCollectionViewCell.swift; sourceTree = "<group>"; };
		3CD21F7C2B45B21900D73CA6 /* Artist.storyboard */ = {isa = PBXFileReference; fileEncoding = 4; lastKnownFileType = file.storyboard; path = Artist.storyboard; sourceTree = "<group>"; };
		3CD21F802B45B27600D73CA6 /* ArtistCoordinator.swift */ = {isa = PBXFileReference; fileEncoding = 4; lastKnownFileType = sourcecode.swift; path = ArtistCoordinator.swift; sourceTree = "<group>"; };
		3CD21F842B45B29700D73CA6 /* AppDelegate.swift */ = {isa = PBXFileReference; fileEncoding = 4; lastKnownFileType = sourcecode.swift; path = AppDelegate.swift; sourceTree = "<group>"; };
		3CD21F862B45B2F200D73CA6 /* AppCoordinator.swift */ = {isa = PBXFileReference; fileEncoding = 4; lastKnownFileType = sourcecode.swift; path = AppCoordinator.swift; sourceTree = "<group>"; };
		3CD21F882B45B3BD00D73CA6 /* Screens.swift */ = {isa = PBXFileReference; fileEncoding = 4; lastKnownFileType = sourcecode.swift; path = Screens.swift; sourceTree = "<group>"; };
		3CD21F8A2B45B3D300D73CA6 /* Helper.swift */ = {isa = PBXFileReference; fileEncoding = 4; lastKnownFileType = sourcecode.swift; path = Helper.swift; sourceTree = "<group>"; };
		F6480044AE44D9E5D19619FE /* DetailsViewController.swift */ = {isa = PBXFileReference; fileEncoding = 4; lastKnownFileType = sourcecode.swift; path = DetailsViewController.swift; sourceTree = "<group>"; };
		F64800900D35544B058DABD5 /* DetailsViewModel.swift */ = {isa = PBXFileReference; fileEncoding = 4; lastKnownFileType = sourcecode.swift; path = DetailsViewModel.swift; sourceTree = "<group>"; };
		F6480BD6703B0BE3E885E770 /* DetailsRepository.swift */ = {isa = PBXFileReference; fileEncoding = 4; lastKnownFileType = sourcecode.swift; path = DetailsRepository.swift; sourceTree = "<group>"; };
		F6480F85C696ED3A604A87BA /* DetailsDataSource.swift */ = {isa = PBXFileReference; fileEncoding = 4; lastKnownFileType = sourcecode.swift; path = DetailsDataSource.swift; sourceTree = "<group>"; };
/* End PBXFileReference section */

/* Begin PBXFrameworksBuildPhase section */
		3C9EA5BF2B458543001C1186 /* Frameworks */ = {
			isa = PBXFrameworksBuildPhase;
			buildActionMask = 2147483647;
			files = (
			);
			runOnlyForDeploymentPostprocessing = 0;
		};
		3C9EA5D52B458545001C1186 /* Frameworks */ = {
			isa = PBXFrameworksBuildPhase;
			buildActionMask = 2147483647;
			files = (
			);
			runOnlyForDeploymentPostprocessing = 0;
		};
		3C9EA5DF2B458545001C1186 /* Frameworks */ = {
			isa = PBXFrameworksBuildPhase;
			buildActionMask = 2147483647;
			files = (
			);
			runOnlyForDeploymentPostprocessing = 0;
		};
/* End PBXFrameworksBuildPhase section */

/* Begin PBXGroup section */
		3C9EA5B92B458543001C1186 = {
			isa = PBXGroup;
			children = (
				3C9EA5C42B458543001C1186 /* Soundsbinder */,
				3C9EA5DB2B458545001C1186 /* SoundsbinderTests */,
				3C9EA5C32B458543001C1186 /* Products */,
			);
			sourceTree = "<group>";
		};
		3C9EA5C32B458543001C1186 /* Products */ = {
			isa = PBXGroup;
			children = (
				3C9EA5C22B458543001C1186 /* Soundsbinder.app */,
				3C9EA5D82B458545001C1186 /* SoundsbinderTests.xctest */,
				3C9EA5E22B458545001C1186 /* SoundsbinderUITests.xctest */,
			);
			name = Products;
			sourceTree = "<group>";
		};
		3C9EA5C42B458543001C1186 /* Soundsbinder */ = {
			isa = PBXGroup;
			children = (
				3C9EA5F62B458576001C1186 /* Sources */,
				3C9EA5F52B458556001C1186 /* Ressources */,
				3C9EA5D32B458544001C1186 /* Info.plist */,
			);
			path = Soundsbinder;
			sourceTree = "<group>";
		};
		3C9EA5DB2B458545001C1186 /* SoundsbinderTests */ = {
			isa = PBXGroup;
			children = (
				3C9EA5DC2B458545001C1186 /* SoundsbinderTests.swift */,
			);
			path = SoundsbinderTests;
			sourceTree = "<group>";
		};
		3C9EA5F52B458556001C1186 /* Ressources */ = {
			isa = PBXGroup;
			children = (
				3C9EA63E2B45892F001C1186 /* LaunchScreen.storyboard */,
			);
			path = Ressources;
			sourceTree = "<group>";
		};
		3C9EA5F62B458576001C1186 /* Sources */ = {
			isa = PBXGroup;
			children = (
				3CD21F842B45B29700D73CA6 /* AppDelegate.swift */,
				3CD21F862B45B2F200D73CA6 /* AppCoordinator.swift */,
				3C9EA6422B458ACE001C1186 /* Context.swift */,
				3CD21F882B45B3BD00D73CA6 /* Screens.swift */,
				3C9EA6182B45862A001C1186 /* Artists */,
				3C9EA6122B45862A001C1186 /* Network */,
			);
			path = Sources;
			sourceTree = "<group>";
		};
		3C9EA6122B45862A001C1186 /* Network */ = {
			isa = PBXGroup;
			children = (
				3CD21F632B458FC300D73CA6 /* Endpoint.swift */,
				3CD21F612B458FC300D73CA6 /* HTTPClient.swift */,
				3CD21F602B458FC300D73CA6 /* JSONParser.swift */,
				3CD21F622B458FC300D73CA6 /* RequestBuilder.swift */,
				3CD21F5F2B458FC200D73CA6 /* RequestCancellationToken.swift */,
			);
			path = Network;
			sourceTree = "<group>";
		};
		3C9EA6182B45862A001C1186 /* Artists */ = {
			isa = PBXGroup;
			children = (
				3CD21F802B45B27600D73CA6 /* ArtistCoordinator.swift */,
				3CD21F7C2B45B21900D73CA6 /* Artist.storyboard */,
				3CD21F8A2B45B3D300D73CA6 /* Helper.swift */,
				3CD21F6F2B4590CC00D73CA6 /* Image */,
				3C9EA61A2B45862A001C1186 /* Details */,
				3C9EA6252B45862A001C1186 /* Search */,
			);
			path = Artists;
			sourceTree = "<group>";
		};
		3C9EA61A2B45862A001C1186 /* Details */ = {
			isa = PBXGroup;
			children = (
				3C9EA61B2B45862A001C1186 /* Cell */,
				3C9EA6212B45862A001C1186 /* Domain */,
				3C9EA6232B45862A001C1186 /* Model */,
				F6480BD6703B0BE3E885E770 /* DetailsRepository.swift */,
				F6480F85C696ED3A604A87BA /* DetailsDataSource.swift */,
				F6480044AE44D9E5D19619FE /* DetailsViewController.swift */,
				F64800900D35544B058DABD5 /* DetailsViewModel.swift */,
			);
			path = Details;
			sourceTree = "<group>";
		};
		3C9EA61B2B45862A001C1186 /* Cell */ = {
			isa = PBXGroup;
			children = (
				3CD21F742B45914400D73CA6 /* TrackTableViewCell.swift */,
			);
			path = Cell;
			sourceTree = "<group>";
		};
		3C9EA6212B45862A001C1186 /* Domain */ = {
			isa = PBXGroup;
			children = (
				3CD21F6D2B45902500D73CA6 /* DetailsResponse.swift */,
			);
			path = Domain;
			sourceTree = "<group>";
		};
		3C9EA6232B45862A001C1186 /* Model */ = {
			isa = PBXGroup;
			children = (
				3CD21F762B4591A400D73CA6 /* VisibleTrack.swift */,
			);
			path = Model;
			sourceTree = "<group>";
		};
		3C9EA6252B45862A001C1186 /* Search */ = {
			isa = PBXGroup;
			children = (
				3CD21F5A2B458F7E00D73CA6 /* ArtistSearchDataSource.swift */,
				3CD21F592B458F7E00D73CA6 /* ArtistSearchRepository.swift */,
				3CD21F582B458F7D00D73CA6 /* ArtistSearchViewController.swift */,
				3CD21F572B458F7D00D73CA6 /* ArtistSearchViewModel.swift */,
				3C9EA62A2B45862A001C1186 /* Cell */,
				3C9EA62C2B45862A001C1186 /* Domain */,
				3C9EA62F2B45862A001C1186 /* Model */,
			);
			path = Search;
			sourceTree = "<group>";
		};
		3C9EA62A2B45862A001C1186 /* Cell */ = {
			isa = PBXGroup;
			children = (
				3CD21F7A2B45B1C200D73CA6 /* ArtistCollectionViewCell.swift */,
			);
			path = Cell;
			sourceTree = "<group>";
		};
		3C9EA62C2B45862A001C1186 /* Domain */ = {
			isa = PBXGroup;
			children = (
				3CD21F692B458FFE00D73CA6 /* ArtistEndpoint.swift */,
				3CD21F6A2B458FFE00D73CA6 /* ArtistResponse.swift */,
			);
			path = Domain;
			sourceTree = "<group>";
		};
		3C9EA62F2B45862A001C1186 /* Model */ = {
			isa = PBXGroup;
			children = (
				3CD21F782B45B19000D73CA6 /* VisibleArtist.swift */,
			);
			path = Model;
			sourceTree = "<group>";
		};
		3CD21F6F2B4590CC00D73CA6 /* Image */ = {
			isa = PBXGroup;
			children = (
				3CD21F712B4590ED00D73CA6 /* ImageProvider.swift */,
				3CD21F702B4590EC00D73CA6 /* ImageRepository.swift */,
			);
			path = Image;
			sourceTree = "<group>";
		};
/* End PBXGroup section */

/* Begin PBXNativeTarget section */
		3C9EA5C12B458543001C1186 /* Soundsbinder */ = {
			isa = PBXNativeTarget;
			buildConfigurationList = 3C9EA5EC2B458545001C1186 /* Build configuration list for PBXNativeTarget "Soundsbinder" */;
			buildPhases = (
				3C9EA5BE2B458543001C1186 /* Sources */,
				3C9EA5BF2B458543001C1186 /* Frameworks */,
				3C9EA5C02B458543001C1186 /* Resources */,
			);
			buildRules = (
			);
			dependencies = (
			);
			name = Soundsbinder;
			productName = Soundsbinder;
			productReference = 3C9EA5C22B458543001C1186 /* Soundsbinder.app */;
			productType = "com.apple.product-type.application";
		};
		3C9EA5D72B458545001C1186 /* SoundsbinderTests */ = {
			isa = PBXNativeTarget;
			buildConfigurationList = 3C9EA5EF2B458545001C1186 /* Build configuration list for PBXNativeTarget "SoundsbinderTests" */;
			buildPhases = (
				3C9EA5D42B458545001C1186 /* Sources */,
				3C9EA5D52B458545001C1186 /* Frameworks */,
				3C9EA5D62B458545001C1186 /* Resources */,
			);
			buildRules = (
			);
			dependencies = (
				3C9EA5DA2B458545001C1186 /* PBXTargetDependency */,
			);
			name = SoundsbinderTests;
			productName = SoundsbinderTests;
			productReference = 3C9EA5D82B458545001C1186 /* SoundsbinderTests.xctest */;
			productType = "com.apple.product-type.bundle.unit-test";
		};
		3C9EA5E12B458545001C1186 /* SoundsbinderUITests */ = {
			isa = PBXNativeTarget;
			buildConfigurationList = 3C9EA5F22B458545001C1186 /* Build configuration list for PBXNativeTarget "SoundsbinderUITests" */;
			buildPhases = (
				3C9EA5DE2B458545001C1186 /* Sources */,
				3C9EA5DF2B458545001C1186 /* Frameworks */,
				3C9EA5E02B458545001C1186 /* Resources */,
			);
			buildRules = (
			);
			dependencies = (
				3C9EA5E42B458545001C1186 /* PBXTargetDependency */,
			);
			name = SoundsbinderUITests;
			productName = SoundsbinderUITests;
			productReference = 3C9EA5E22B458545001C1186 /* SoundsbinderUITests.xctest */;
			productType = "com.apple.product-type.bundle.ui-testing";
		};
/* End PBXNativeTarget section */

/* Begin PBXProject section */
		3C9EA5BA2B458543001C1186 /* Project object */ = {
			isa = PBXProject;
			attributes = {
				BuildIndependentTargetsInParallel = 1;
				LastSwiftUpdateCheck = 1510;
				LastUpgradeCheck = 1510;
				TargetAttributes = {
					3C9EA5C12B458543001C1186 = {
						CreatedOnToolsVersion = 15.1;
					};
					3C9EA5D72B458545001C1186 = {
						CreatedOnToolsVersion = 15.1;
						TestTargetID = 3C9EA5C12B458543001C1186;
					};
					3C9EA5E12B458545001C1186 = {
						CreatedOnToolsVersion = 15.1;
						TestTargetID = 3C9EA5C12B458543001C1186;
					};
				};
			};
			buildConfigurationList = 3C9EA5BD2B458543001C1186 /* Build configuration list for PBXProject "Soundsbinder" */;
			compatibilityVersion = "Xcode 14.0";
			developmentRegion = en;
			hasScannedForEncodings = 0;
			knownRegions = (
				en,
				Base,
			);
			mainGroup = 3C9EA5B92B458543001C1186;
			productRefGroup = 3C9EA5C32B458543001C1186 /* Products */;
			projectDirPath = "";
			projectRoot = "";
			targets = (
				3C9EA5C12B458543001C1186 /* Soundsbinder */,
				3C9EA5D72B458545001C1186 /* SoundsbinderTests */,
				3C9EA5E12B458545001C1186 /* SoundsbinderUITests */,
			);
		};
/* End PBXProject section */

/* Begin PBXResourcesBuildPhase section */
		3C9EA5C02B458543001C1186 /* Resources */ = {
			isa = PBXResourcesBuildPhase;
			buildActionMask = 2147483647;
			files = (
				3C9EA63F2B45892F001C1186 /* LaunchScreen.storyboard in Resources */,
				3CD21F7D2B45B21900D73CA6 /* Artist.storyboard in Resources */,
			);
			runOnlyForDeploymentPostprocessing = 0;
		};
		3C9EA5D62B458545001C1186 /* Resources */ = {
			isa = PBXResourcesBuildPhase;
			buildActionMask = 2147483647;
			files = (
			);
			runOnlyForDeploymentPostprocessing = 0;
		};
		3C9EA5E02B458545001C1186 /* Resources */ = {
			isa = PBXResourcesBuildPhase;
			buildActionMask = 2147483647;
			files = (
			);
			runOnlyForDeploymentPostprocessing = 0;
		};
/* End PBXResourcesBuildPhase section */

/* Begin PBXSourcesBuildPhase section */
		3C9EA5BE2B458543001C1186 /* Sources */ = {
			isa = PBXSourcesBuildPhase;
			buildActionMask = 2147483647;
			files = (
				3CD21F642B458FC300D73CA6 /* RequestCancellationToken.swift in Sources */,
				3CD21F832B45B27600D73CA6 /* ArtistCoordinator.swift in Sources */,
				3CD21F6E2B45902500D73CA6 /* DetailsResponse.swift in Sources */,
				3CD21F792B45B19000D73CA6 /* VisibleArtist.swift in Sources */,
				3CD21F662B458FC300D73CA6 /* HTTPClient.swift in Sources */,
				3CD21F672B458FC300D73CA6 /* RequestBuilder.swift in Sources */,
				3CD21F652B458FC300D73CA6 /* JSONParser.swift in Sources */,
				3CD21F6C2B458FFE00D73CA6 /* ArtistResponse.swift in Sources */,
				3CD21F6B2B458FFE00D73CA6 /* ArtistEndpoint.swift in Sources */,
				3CD21F892B45B3BE00D73CA6 /* Screens.swift in Sources */,
				3CD21F5D2B458F7E00D73CA6 /* ArtistSearchRepository.swift in Sources */,
				3C9EA6432B458ACE001C1186 /* Context.swift in Sources */,
				3CD21F852B45B29700D73CA6 /* AppDelegate.swift in Sources */,
				3CD21F8B2B45B3D300D73CA6 /* Helper.swift in Sources */,
				3CD21F7B2B45B1C200D73CA6 /* ArtistCollectionViewCell.swift in Sources */,
				3CD21F5E2B458F7E00D73CA6 /* ArtistSearchDataSource.swift in Sources */,
				3CD21F682B458FC300D73CA6 /* Endpoint.swift in Sources */,
				3CD21F722B4590ED00D73CA6 /* ImageRepository.swift in Sources */,
				3CD21F5C2B458F7E00D73CA6 /* ArtistSearchViewController.swift in Sources */,
				3CD21F772B4591A400D73CA6 /* VisibleTrack.swift in Sources */,
				3CD21F752B45914400D73CA6 /* TrackTableViewCell.swift in Sources */,
				3CD21F732B4590ED00D73CA6 /* ImageProvider.swift in Sources */,
				3CD21F872B45B2F200D73CA6 /* AppCoordinator.swift in Sources */,
				3CD21F5B2B458F7E00D73CA6 /* ArtistSearchViewModel.swift in Sources */,
				F6480761B33458EEFCC64E23 /* DetailsRepository.swift in Sources */,
				F64802FB88341A5555D759ED /* DetailsDataSource.swift in Sources */,
				F6480B1BC44E1CAE8F06E585 /* DetailsViewController.swift in Sources */,
				F64807D14E19699A6ADDF21B /* DetailsViewModel.swift in Sources */,
			);
			runOnlyForDeploymentPostprocessing = 0;
		};
		3C9EA5D42B458545001C1186 /* Sources */ = {
			isa = PBXSourcesBuildPhase;
			buildActionMask = 2147483647;
			files = (
				3C9EA5DD2B458545001C1186 /* SoundsbinderTests.swift in Sources */,
			);
			runOnlyForDeploymentPostprocessing = 0;
		};
		3C9EA5DE2B458545001C1186 /* Sources */ = {
			isa = PBXSourcesBuildPhase;
			buildActionMask = 2147483647;
			files = (
			);
			runOnlyForDeploymentPostprocessing = 0;
		};
/* End PBXSourcesBuildPhase section */

/* Begin PBXTargetDependency section */
		3C9EA5DA2B458545001C1186 /* PBXTargetDependency */ = {
			isa = PBXTargetDependency;
			target = 3C9EA5C12B458543001C1186 /* Soundsbinder */;
			targetProxy = 3C9EA5D92B458545001C1186 /* PBXContainerItemProxy */;
		};
		3C9EA5E42B458545001C1186 /* PBXTargetDependency */ = {
			isa = PBXTargetDependency;
			target = 3C9EA5C12B458543001C1186 /* Soundsbinder */;
			targetProxy = 3C9EA5E32B458545001C1186 /* PBXContainerItemProxy */;
		};
/* End PBXTargetDependency section */

/* Begin XCBuildConfiguration section */
		3C9EA5EA2B458545001C1186 /* Debug */ = {
			isa = XCBuildConfiguration;
			buildSettings = {
				ALWAYS_SEARCH_USER_PATHS = NO;
				ASSETCATALOG_COMPILER_GENERATE_SWIFT_ASSET_SYMBOL_EXTENSIONS = YES;
				CLANG_ANALYZER_NONNULL = YES;
				CLANG_ANALYZER_NUMBER_OBJECT_CONVERSION = YES_AGGRESSIVE;
				CLANG_CXX_LANGUAGE_STANDARD = "gnu++20";
				CLANG_ENABLE_MODULES = YES;
				CLANG_ENABLE_OBJC_ARC = YES;
				CLANG_ENABLE_OBJC_WEAK = YES;
				CLANG_WARN_BLOCK_CAPTURE_AUTORELEASING = YES;
				CLANG_WARN_BOOL_CONVERSION = YES;
				CLANG_WARN_COMMA = YES;
				CLANG_WARN_CONSTANT_CONVERSION = YES;
				CLANG_WARN_DEPRECATED_OBJC_IMPLEMENTATIONS = YES;
				CLANG_WARN_DIRECT_OBJC_ISA_USAGE = YES_ERROR;
				CLANG_WARN_DOCUMENTATION_COMMENTS = YES;
				CLANG_WARN_EMPTY_BODY = YES;
				CLANG_WARN_ENUM_CONVERSION = YES;
				CLANG_WARN_INFINITE_RECURSION = YES;
				CLANG_WARN_INT_CONVERSION = YES;
				CLANG_WARN_NON_LITERAL_NULL_CONVERSION = YES;
				CLANG_WARN_OBJC_IMPLICIT_RETAIN_SELF = YES;
				CLANG_WARN_OBJC_LITERAL_CONVERSION = YES;
				CLANG_WARN_OBJC_ROOT_CLASS = YES_ERROR;
				CLANG_WARN_QUOTED_INCLUDE_IN_FRAMEWORK_HEADER = YES;
				CLANG_WARN_RANGE_LOOP_ANALYSIS = YES;
				CLANG_WARN_STRICT_PROTOTYPES = YES;
				CLANG_WARN_SUSPICIOUS_MOVE = YES;
				CLANG_WARN_UNGUARDED_AVAILABILITY = YES_AGGRESSIVE;
				CLANG_WARN_UNREACHABLE_CODE = YES;
				CLANG_WARN__DUPLICATE_METHOD_MATCH = YES;
				COPY_PHASE_STRIP = NO;
				DEBUG_INFORMATION_FORMAT = dwarf;
				ENABLE_STRICT_OBJC_MSGSEND = YES;
				ENABLE_TESTABILITY = YES;
				ENABLE_USER_SCRIPT_SANDBOXING = YES;
				GCC_C_LANGUAGE_STANDARD = gnu17;
				GCC_DYNAMIC_NO_PIC = NO;
				GCC_NO_COMMON_BLOCKS = YES;
				GCC_OPTIMIZATION_LEVEL = 0;
				GCC_PREPROCESSOR_DEFINITIONS = (
					"DEBUG=1",
					"$(inherited)",
				);
				GCC_WARN_64_TO_32_BIT_CONVERSION = YES;
				GCC_WARN_ABOUT_RETURN_TYPE = YES_ERROR;
				GCC_WARN_UNDECLARED_SELECTOR = YES;
				GCC_WARN_UNINITIALIZED_AUTOS = YES_AGGRESSIVE;
				GCC_WARN_UNUSED_FUNCTION = YES;
				GCC_WARN_UNUSED_VARIABLE = YES;
				IPHONEOS_DEPLOYMENT_TARGET = 17.2;
				LOCALIZATION_PREFERS_STRING_CATALOGS = YES;
				MTL_ENABLE_DEBUG_INFO = INCLUDE_SOURCE;
				MTL_FAST_MATH = YES;
				ONLY_ACTIVE_ARCH = YES;
				SDKROOT = iphoneos;
				SWIFT_ACTIVE_COMPILATION_CONDITIONS = "DEBUG $(inherited)";
				SWIFT_OPTIMIZATION_LEVEL = "-Onone";
			};
			name = Debug;
		};
		3C9EA5EB2B458545001C1186 /* Release */ = {
			isa = XCBuildConfiguration;
			buildSettings = {
				ALWAYS_SEARCH_USER_PATHS = NO;
				ASSETCATALOG_COMPILER_GENERATE_SWIFT_ASSET_SYMBOL_EXTENSIONS = YES;
				CLANG_ANALYZER_NONNULL = YES;
				CLANG_ANALYZER_NUMBER_OBJECT_CONVERSION = YES_AGGRESSIVE;
				CLANG_CXX_LANGUAGE_STANDARD = "gnu++20";
				CLANG_ENABLE_MODULES = YES;
				CLANG_ENABLE_OBJC_ARC = YES;
				CLANG_ENABLE_OBJC_WEAK = YES;
				CLANG_WARN_BLOCK_CAPTURE_AUTORELEASING = YES;
				CLANG_WARN_BOOL_CONVERSION = YES;
				CLANG_WARN_COMMA = YES;
				CLANG_WARN_CONSTANT_CONVERSION = YES;
				CLANG_WARN_DEPRECATED_OBJC_IMPLEMENTATIONS = YES;
				CLANG_WARN_DIRECT_OBJC_ISA_USAGE = YES_ERROR;
				CLANG_WARN_DOCUMENTATION_COMMENTS = YES;
				CLANG_WARN_EMPTY_BODY = YES;
				CLANG_WARN_ENUM_CONVERSION = YES;
				CLANG_WARN_INFINITE_RECURSION = YES;
				CLANG_WARN_INT_CONVERSION = YES;
				CLANG_WARN_NON_LITERAL_NULL_CONVERSION = YES;
				CLANG_WARN_OBJC_IMPLICIT_RETAIN_SELF = YES;
				CLANG_WARN_OBJC_LITERAL_CONVERSION = YES;
				CLANG_WARN_OBJC_ROOT_CLASS = YES_ERROR;
				CLANG_WARN_QUOTED_INCLUDE_IN_FRAMEWORK_HEADER = YES;
				CLANG_WARN_RANGE_LOOP_ANALYSIS = YES;
				CLANG_WARN_STRICT_PROTOTYPES = YES;
				CLANG_WARN_SUSPICIOUS_MOVE = YES;
				CLANG_WARN_UNGUARDED_AVAILABILITY = YES_AGGRESSIVE;
				CLANG_WARN_UNREACHABLE_CODE = YES;
				CLANG_WARN__DUPLICATE_METHOD_MATCH = YES;
				COPY_PHASE_STRIP = NO;
				DEBUG_INFORMATION_FORMAT = "dwarf-with-dsym";
				ENABLE_NS_ASSERTIONS = NO;
				ENABLE_STRICT_OBJC_MSGSEND = YES;
				ENABLE_USER_SCRIPT_SANDBOXING = YES;
				GCC_C_LANGUAGE_STANDARD = gnu17;
				GCC_NO_COMMON_BLOCKS = YES;
				GCC_WARN_64_TO_32_BIT_CONVERSION = YES;
				GCC_WARN_ABOUT_RETURN_TYPE = YES_ERROR;
				GCC_WARN_UNDECLARED_SELECTOR = YES;
				GCC_WARN_UNINITIALIZED_AUTOS = YES_AGGRESSIVE;
				GCC_WARN_UNUSED_FUNCTION = YES;
				GCC_WARN_UNUSED_VARIABLE = YES;
				IPHONEOS_DEPLOYMENT_TARGET = 17.2;
				LOCALIZATION_PREFERS_STRING_CATALOGS = YES;
				MTL_ENABLE_DEBUG_INFO = NO;
				MTL_FAST_MATH = YES;
				SDKROOT = iphoneos;
				SWIFT_COMPILATION_MODE = wholemodule;
				VALIDATE_PRODUCT = YES;
			};
			name = Release;
		};
		3C9EA5ED2B458545001C1186 /* Debug */ = {
			isa = XCBuildConfiguration;
			buildSettings = {
				ASSETCATALOG_COMPILER_APPICON_NAME = AppIcon;
				ASSETCATALOG_COMPILER_GLOBAL_ACCENT_COLOR_NAME = AccentColor;
				CODE_SIGN_STYLE = Automatic;
				CURRENT_PROJECT_VERSION = 1;
				DEVELOPMENT_TEAM = 52T6VV3859;
				GENERATE_INFOPLIST_FILE = YES;
				INFOPLIST_FILE = Soundsbinder/Info.plist;
				INFOPLIST_KEY_UIApplicationSupportsIndirectInputEvents = YES;
				INFOPLIST_KEY_UILaunchStoryboardName = LaunchScreen;
				INFOPLIST_KEY_UISupportedInterfaceOrientations = UIInterfaceOrientationPortrait;
				LD_RUNPATH_SEARCH_PATHS = (
					"$(inherited)",
					"@executable_path/Frameworks",
				);
				MARKETING_VERSION = 1.0;
				PRODUCT_BUNDLE_IDENTIFIER = com.kaizersauce.Soundsbinder;
				PRODUCT_NAME = "$(TARGET_NAME)";
				SWIFT_EMIT_LOC_STRINGS = YES;
				SWIFT_VERSION = 5.0;
				TARGETED_DEVICE_FAMILY = "1,2";
			};
			name = Debug;
		};
		3C9EA5EE2B458545001C1186 /* Release */ = {
			isa = XCBuildConfiguration;
			buildSettings = {
				ASSETCATALOG_COMPILER_APPICON_NAME = AppIcon;
				ASSETCATALOG_COMPILER_GLOBAL_ACCENT_COLOR_NAME = AccentColor;
				CODE_SIGN_STYLE = Automatic;
				CURRENT_PROJECT_VERSION = 1;
				DEVELOPMENT_TEAM = 52T6VV3859;
				GENERATE_INFOPLIST_FILE = YES;
				INFOPLIST_FILE = Soundsbinder/Info.plist;
				INFOPLIST_KEY_UIApplicationSupportsIndirectInputEvents = YES;
				INFOPLIST_KEY_UILaunchStoryboardName = LaunchScreen;
				INFOPLIST_KEY_UISupportedInterfaceOrientations = UIInterfaceOrientationPortrait;
				LD_RUNPATH_SEARCH_PATHS = (
					"$(inherited)",
					"@executable_path/Frameworks",
				);
				MARKETING_VERSION = 1.0;
				PRODUCT_BUNDLE_IDENTIFIER = com.kaizersauce.Soundsbinder;
				PRODUCT_NAME = "$(TARGET_NAME)";
				SWIFT_EMIT_LOC_STRINGS = YES;
				SWIFT_VERSION = 5.0;
				TARGETED_DEVICE_FAMILY = "1,2";
			};
			name = Release;
		};
		3C9EA5F02B458545001C1186 /* Debug */ = {
			isa = XCBuildConfiguration;
			buildSettings = {
				ALWAYS_EMBED_SWIFT_STANDARD_LIBRARIES = YES;
				BUNDLE_LOADER = "$(TEST_HOST)";
				CODE_SIGN_STYLE = Automatic;
				CURRENT_PROJECT_VERSION = 1;
				DEVELOPMENT_TEAM = 52T6VV3859;
				GENERATE_INFOPLIST_FILE = YES;
				IPHONEOS_DEPLOYMENT_TARGET = 17.2;
				MARKETING_VERSION = 1.0;
				PRODUCT_BUNDLE_IDENTIFIER = com.kaizersauce.SoundsbinderTests;
				PRODUCT_NAME = "$(TARGET_NAME)";
				SWIFT_EMIT_LOC_STRINGS = NO;
				SWIFT_VERSION = 5.0;
				TARGETED_DEVICE_FAMILY = "1,2";
				TEST_HOST = "$(BUILT_PRODUCTS_DIR)/Soundsbinder.app/$(BUNDLE_EXECUTABLE_FOLDER_PATH)/Soundsbinder";
			};
			name = Debug;
		};
		3C9EA5F12B458545001C1186 /* Release */ = {
			isa = XCBuildConfiguration;
			buildSettings = {
				ALWAYS_EMBED_SWIFT_STANDARD_LIBRARIES = YES;
				BUNDLE_LOADER = "$(TEST_HOST)";
				CODE_SIGN_STYLE = Automatic;
				CURRENT_PROJECT_VERSION = 1;
				DEVELOPMENT_TEAM = 52T6VV3859;
				GENERATE_INFOPLIST_FILE = YES;
				IPHONEOS_DEPLOYMENT_TARGET = 17.2;
				MARKETING_VERSION = 1.0;
				PRODUCT_BUNDLE_IDENTIFIER = com.kaizersauce.SoundsbinderTests;
				PRODUCT_NAME = "$(TARGET_NAME)";
				SWIFT_EMIT_LOC_STRINGS = NO;
				SWIFT_VERSION = 5.0;
				TARGETED_DEVICE_FAMILY = "1,2";
				TEST_HOST = "$(BUILT_PRODUCTS_DIR)/Soundsbinder.app/$(BUNDLE_EXECUTABLE_FOLDER_PATH)/Soundsbinder";
			};
			name = Release;
		};
		3C9EA5F32B458545001C1186 /* Debug */ = {
			isa = XCBuildConfiguration;
			buildSettings = {
				ALWAYS_EMBED_SWIFT_STANDARD_LIBRARIES = YES;
				CODE_SIGN_STYLE = Automatic;
				CURRENT_PROJECT_VERSION = 1;
				DEVELOPMENT_TEAM = 52T6VV3859;
				GENERATE_INFOPLIST_FILE = YES;
				MARKETING_VERSION = 1.0;
				PRODUCT_BUNDLE_IDENTIFIER = com.kaizersauce.SoundsbinderUITests;
				PRODUCT_NAME = "$(TARGET_NAME)";
				SWIFT_EMIT_LOC_STRINGS = NO;
				SWIFT_VERSION = 5.0;
				TARGETED_DEVICE_FAMILY = "1,2";
				TEST_TARGET_NAME = Soundsbinder;
			};
			name = Debug;
		};
		3C9EA5F42B458545001C1186 /* Release */ = {
			isa = XCBuildConfiguration;
			buildSettings = {
				ALWAYS_EMBED_SWIFT_STANDARD_LIBRARIES = YES;
				CODE_SIGN_STYLE = Automatic;
				CURRENT_PROJECT_VERSION = 1;
				DEVELOPMENT_TEAM = 52T6VV3859;
				GENERATE_INFOPLIST_FILE = YES;
				MARKETING_VERSION = 1.0;
				PRODUCT_BUNDLE_IDENTIFIER = com.kaizersauce.SoundsbinderUITests;
				PRODUCT_NAME = "$(TARGET_NAME)";
				SWIFT_EMIT_LOC_STRINGS = NO;
				SWIFT_VERSION = 5.0;
				TARGETED_DEVICE_FAMILY = "1,2";
				TEST_TARGET_NAME = Soundsbinder;
			};
			name = Release;
		};
/* End XCBuildConfiguration section */

/* Begin XCConfigurationList section */
		3C9EA5BD2B458543001C1186 /* Build configuration list for PBXProject "Soundsbinder" */ = {
			isa = XCConfigurationList;
			buildConfigurations = (
				3C9EA5EA2B458545001C1186 /* Debug */,
				3C9EA5EB2B458545001C1186 /* Release */,
			);
			defaultConfigurationIsVisible = 0;
			defaultConfigurationName = Release;
		};
		3C9EA5EC2B458545001C1186 /* Build configuration list for PBXNativeTarget "Soundsbinder" */ = {
			isa = XCConfigurationList;
			buildConfigurations = (
				3C9EA5ED2B458545001C1186 /* Debug */,
				3C9EA5EE2B458545001C1186 /* Release */,
			);
			defaultConfigurationIsVisible = 0;
			defaultConfigurationName = Release;
		};
		3C9EA5EF2B458545001C1186 /* Build configuration list for PBXNativeTarget "SoundsbinderTests" */ = {
			isa = XCConfigurationList;
			buildConfigurations = (
				3C9EA5F02B458545001C1186 /* Debug */,
				3C9EA5F12B458545001C1186 /* Release */,
			);
			defaultConfigurationIsVisible = 0;
			defaultConfigurationName = Release;
		};
		3C9EA5F22B458545001C1186 /* Build configuration list for PBXNativeTarget "SoundsbinderUITests" */ = {
			isa = XCConfigurationList;
			buildConfigurations = (
				3C9EA5F32B458545001C1186 /* Debug */,
				3C9EA5F42B458545001C1186 /* Release */,
			);
			defaultConfigurationIsVisible = 0;
			defaultConfigurationName = Release;
		};
/* End XCConfigurationList section */
	};
	rootObject = 3C9EA5BA2B458543001C1186 /* Project object */;
}
